
Microsoft Visual Studio Solution File, Format Version 12.00
# Visual Studio Version 17
VisualStudioVersion = 17.6.33626.354
MinimumVisualStudioVersion = 10.0.40219.1
Project("{778DAE3C-4631-46EA-AA77-85C1314464D9}") = "VBPad", "VBPad\VBPad.vbproj", "{72654806-4619-43A4-A03B-85459A5D5FAE}"
EndProject
Project("{2150E333-8FDC-42A3-9474-1A3956D46DE8}") = "Solution Items", "Solution Items", "{CF1916E8-C05F-4534-AA8F-CE14DCCEA13F}"
	ProjectSection(SolutionItems) = preProject
		README.md = README.md
	EndProjectSection
EndProject
Global
	GlobalSection(SolutionConfigurationPlatforms) = preSolution
		Debug|Any CPU = Debug|Any CPU
		Release|Any CPU = Release|Any CPU
	EndGlobalSection
	GlobalSection(ProjectConfigurationPlatforms) = postSolution
		{72654806-4619-43A4-A03B-85459A5D5FAE}.Debug|Any CPU.ActiveCfg = Debug|Any CPU
		{72654806-4619-43A4-A03B-85459A5D5FAE}.Debug|Any CPU.Build.0 = Debug|Any CPU
		{72654806-4619-43A4-A03B-85459A5D5FAE}.Release|Any CPU.ActiveCfg = Release|Any CPU
		{72654806-4619-43A4-A03B-85459A5D5FAE}.Release|Any CPU.Build.0 = Release|Any CPU
	EndGlobalSection
	GlobalSection(SolutionProperties) = preSolution
		HideSolutionNode = FALSE
	EndGlobalSection
	GlobalSection(ExtensibilityGlobals) = postSolution
		SolutionGuid = {24A8A6DC-1F4A-4B22-96A0-09F0A4EA2D83}
	EndGlobalSection
EndGlobal
